<Solution>
  <Project Path="PROJE1/PROJE1.csproj" />
  <Project Path="PROJE10/PROJE10.csproj" />
  <Project Path="PROJE11/PROJE11.csproj" />
  <Project Path="PROJE12/PROJE12.csproj" />
  <Project Path="PROJE13/PROJE13.csproj" />
  <Project Path="PROJE14/PROJE14.csproj" />
  <Project Path="PROJE15/PROJE15.csproj" />
  <Project Path="PROJE16/PROJE16.csproj" />
  <Project Path="PROJE17/PROJE17.csproj" />
  <Project Path="PROJE18/PROJE18.csproj" />
  <Project Path="PROJE19/PROJE19.csproj" />
  <Project Path="PROJE2/PROJE2.csproj" />
  <Project Path="PROJE20/PROJE20.csproj" />
  <Project Path="PROJE21/PROJE21.csproj" />
  <Project Path="PROJE22/PROJE22.csproj" />
  <Project Path="PROJE23/PROJE23.csproj" />
  <Project Path="PROJE24/PROJE24.csproj" />
  <Project Path="PROJE3,/PROJE3,.csproj" />
  <Project Path="PROJE4/PROJE4.csproj" />
  <Project Path="PROJE5/PROJE5.csproj" />
  <Project Path="PROJE6/PROJE6.csproj" />
  <Project Path="PROJE7/PROJE7.csproj" />
  <Project Path="PROJE8/PROJE8.csproj" />
  <Project Path="PROJE9/PROJE9.csproj" />
</Solution>
